# THIS IS AN AUTOGENERATED FILE. DO NOT EDIT THIS FILE DIRECTLY.
# yarn lockfile v1


ftx-api-ws@^0.0.6:
  version "0.0.6"
  resolved "https://registry.yarnpkg.com/ftx-api-ws/-/ftx-api-ws-0.0.6.tgz#acd3595a1f710d677a267dfaa1c8c15e8781ef6b"
  integrity sha512-eq5TEDDt/fbka3iaD5rNCdOo82A1BxEwfQj6XZgIEG7QXCwxhWtJAjF6i86qiHqsa9PM7KhCauBEDeaEqYCFZw==
  dependencies:
    ws "^7.1.1"

ws@^7.1.1:
  version "7.4.2"
  resolved "https://registry.yarnpkg.com/ws/-/ws-7.4.2.tgz#782100048e54eb36fe9843363ab1c68672b261dd"
  integrity sha512-T4tewALS3+qsrpGI/8dqNMLIVdq/g/85U98HPMa6F0m6xTbvhXU6RCQLqPH3+SlomNV/LdY6RXEbBpMH6EOJnA==
